{
  "originHash" : "f8adadcec7a3e308a78d7ff7e91c1acfba7b087dfa0db7e2cf5bdabd45b7a196",
  "pins" : [
    {
      "identity" : "alamofire",
      "kind" : "remoteSourceControl",
      "location" : "https://github.com/Alamofire/Alamofire.git",
      "state" : {
        "revision" : "513364f870f6bfc468f9d2ff0a95caccc10044c5",
        "version" : "5.10.2"
      }
    },
    {
      "identity" : "appcenter-sdk-apple",
      "kind" : "remoteSourceControl",
      "location" : "https://github.com/microsoft/appcenter-sdk-apple.git",
      "state" : {
        "revision" : "9308921a2f6ef828cf9fae898ea4f080a81cdf11",
        "version" : "5.0.6"
      }
    },
    {
      "identity" : "highlightr",
      "kind" : "remoteSourceControl",
      "location" : "https://github.com/raspu/Highlightr.git",
      "state" : {
        "revision" : "05e7fcc63b33925cd0c1faaa205cdd5681e7bbef",
        "version" : "2.3.0"
      }
    },
    {
      "identity" : "masshortcut",
      "kind" : "remoteSourceControl",
      "location" : "https://github.com/shpakovski/MASShortcut.git",
      "state" : {
        "branch" : "master",
        "revision" : "6f2603c6b6cc18f64a799e5d2c9d3bbc467c413a"
      }
    },
    {
      "identity" : "parsley",
      "kind" : "remoteSourceControl",
      "location" : "https://github.com/loopwerk/Parsley",
      "state" : {
        "revision" : "ad35091c7a790f04fc5a912c8bde8963eba753d2",
        "version" : "0.9.1"
      }
    },
    {
      "identity" : "plcrashreporter",
      "kind" : "remoteSourceControl",
      "location" : "https://github.com/microsoft/PLCrashReporter.git",
      "state" : {
        "revision" : "fec2ff791b27fd9b9ceab9072025dea56409cca1",
        "version" : "1.11.3"
      }
    },
    {
      "identity" : "sparkle",
      "kind" : "remoteSourceControl",
      "location" : "https://github.com/sparkle-project/Sparkle.git",
      "state" : {
        "revision" : "df074165274afaa39539c05d57b0832620775b11",
        "version" : "2.7.1"
      }
    },
    {
      "identity" : "swift-cmark-gfm",
      "kind" : "remoteSourceControl",
      "location" : "https://github.com/stackotter/swift-cmark-gfm",
      "state" : {
        "revision" : "7ec44e7384793e507cf046336aef68586719a24e",
        "version" : "1.0.2"
      }
    },
    {
      "identity" : "swiftyjson",
      "kind" : "remoteSourceControl",
      "location" : "https://github.com/SwiftyJSON/SwiftyJSON.git",
      "state" : {
        "revision" : "af76cf3ef710b6ca5f8c05f3a31307d44a3c5828",
        "version" : "5.0.2"
      }
    },
    {
      "identity" : "ziparchive",
      "kind" : "remoteSourceControl",
      "location" : "https://github.com/ZipArchive/ZipArchive.git",
      "state" : {
        "revision" : "df35718ea19a94e015b91dc4881dee028ce4cdba",
        "version" : "2.6.0"
      }
    }
  ],
  "version" : 3
}
